
Microsoft Visual Studio Solution File, Format Version 12.00
# Visual Studio Version 16
VisualStudioVersion = 16.0.30509.190
MinimumVisualStudioVersion = 10.0.40219.1
Project("{FAE04EC0-301F-11D3-BF4B-00C04F79EFBC}") = "Blazor_CRUD_App", "Blazor_CRUD_App\Blazor_CRUD_App.csproj", "{91ABCB94-7C7A-43F3-831A-DD14FF64D867}"
EndProject
Global
	GlobalSection(SolutionConfigurationPlatforms) = preSolution
		Debug|Any CPU = Debug|Any CPU
		Release|Any CPU = Release|Any CPU
	EndGlobalSection
	GlobalSection(ProjectConfigurationPlatforms) = postSolution
		{91ABCB94-7C7A-43F3-831A-DD14FF64D867}.Debug|Any CPU.ActiveCfg = Debug|Any CPU
		{91ABCB94-7C7A-43F3-831A-DD14FF64D867}.Debug|Any CPU.Build.0 = Debug|Any CPU
		{91ABCB94-7C7A-43F3-831A-DD14FF64D867}.Release|Any CPU.ActiveCfg = Release|Any CPU
		{91ABCB94-7C7A-43F3-831A-DD14FF64D867}.Release|Any CPU.Build.0 = Release|Any CPU
	EndGlobalSection
	GlobalSection(SolutionProperties) = preSolution
		HideSolutionNode = FALSE
	EndGlobalSection
	GlobalSection(ExtensibilityGlobals) = postSolution
		SolutionGuid = {69301B90-0B54-4116-84D9-99FF07213C0C}
	EndGlobalSection
EndGlobal
